
Microsoft Visual Studio Solution File, Format Version 12.00
# Visual Studio Version 17
VisualStudioVersion = 17.7.34031.279
MinimumVisualStudioVersion = 10.0.40219.1
Project("{9A19103F-16F7-4668-BE54-9A1E7A4F7556}") = "ConsoleApp_lab1", "ConsoleApp_lab1\ConsoleApp_lab1.csproj", "{99DB03E4-55AA-424E-B8E2-72A60ECA43FF}"
EndProject
Project("{FAE04EC0-301F-11D3-BF4B-00C04F79EFBC}") = "TestProject1", "TestProject1\TestProject1.csproj", "{14FF9F19-7B3E-4CD6-AD9B-A1227B73DA41}"
EndProject
Global
	GlobalSection(SolutionConfigurationPlatforms) = preSolution
		Debug|Any CPU = Debug|Any CPU
		Release|Any CPU = Release|Any CPU
	EndGlobalSection
	GlobalSection(ProjectConfigurationPlatforms) = postSolution
		{99DB03E4-55AA-424E-B8E2-72A60ECA43FF}.Debug|Any CPU.ActiveCfg = Debug|Any CPU
		{99DB03E4-55AA-424E-B8E2-72A60ECA43FF}.Debug|Any CPU.Build.0 = Debug|Any CPU
		{99DB03E4-55AA-424E-B8E2-72A60ECA43FF}.Release|Any CPU.ActiveCfg = Release|Any CPU
		{99DB03E4-55AA-424E-B8E2-72A60ECA43FF}.Release|Any CPU.Build.0 = Release|Any CPU
		{14FF9F19-7B3E-4CD6-AD9B-A1227B73DA41}.Debug|Any CPU.ActiveCfg = Debug|Any CPU
		{14FF9F19-7B3E-4CD6-AD9B-A1227B73DA41}.Debug|Any CPU.Build.0 = Debug|Any CPU
		{14FF9F19-7B3E-4CD6-AD9B-A1227B73DA41}.Release|Any CPU.ActiveCfg = Release|Any CPU
		{14FF9F19-7B3E-4CD6-AD9B-A1227B73DA41}.Release|Any CPU.Build.0 = Release|Any CPU
	EndGlobalSection
	GlobalSection(SolutionProperties) = preSolution
		HideSolutionNode = FALSE
	EndGlobalSection
	GlobalSection(ExtensibilityGlobals) = postSolution
		SolutionGuid = {0602ED78-BCAF-4647-A694-A759943DF412}
	EndGlobalSection
EndGlobal
